<?xml version="1.0" encoding="utf-8"?>
<Project ToolsVersion="4.0" xmlns="http://schemas.microsoft.com/developer/msbuild/2003">
  <ItemGroup>
    <ClInclude Include="Main.h" />
    <ClInclude Include="stdafx.h" />
    <ClInclude Include="Scene02.h">
      <Filter>Scenes</Filter>
    </ClInclude>
    <ClInclude Include="Scene01.h">
      <Filter>Scenes</Filter>
    </ClInclude>
    <ClInclude Include="..\..\..\six\Framework\Game1\MPplayer.h" />
  </ItemGroup>
  <ItemGroup>
    <ClCompile Include="Main.cpp" />
    <ClCompile Include="Scene02.cpp">
      <Filter>Scenes</Filter>
    </ClCompile>
    <ClCompile Include="Scene01.cpp">
      <Filter>Scenes</Filter>
    </ClCompile>
  </ItemGroup>
  <ItemGroup>
    <Filter Include="Scenes">
      <UniqueIdentifier>{d15067e9-e645-4bee-8270-59a1ad33b21c}</UniqueIdentifier>
    </Filter>
  </ItemGroup>
</Project>