<?xml version="1.0" encoding="utf-8"?>
<Project ToolsVersion="4.0" xmlns="http://schemas.microsoft.com/developer/msbuild/2003">
  <ItemGroup>
    <ClCompile Include="Animation.cpp" />
    <ClCompile Include="AnimImagesRef.cpp" />
    <ClCompile Include="Attack.cpp" />
    <ClCompile Include="Attack1.cpp" />
    <ClCompile Include="Attack2.cpp" />
    <ClCompile Include="Attack3.cpp" />
    <ClCompile Include="Attack4.cpp" />
    <ClCompile Include="Attack5.cpp" />
    <ClCompile Include="Attack6.cpp" />
    <ClCompile Include="Attack7.cpp" />
    <ClCompile Include="Ball.cpp" />
    <ClCompile Include="BeholderBody.cpp" />
    <ClCompile Include="BeholderBullet.cpp" />
    <ClCompile Include="Collider.cpp" />
    <ClCompile Include="Component.cpp" />
    <ClCompile Include="CompoObject.cpp" />
    <ClCompile Include="DarkEnforcer.cpp" />
    <ClCompile Include="Die1.cpp" />
    <ClCompile Include="Effect.cpp" />
    <ClCompile Include="Hit1.cpp" />
    <ClCompile Include="HitComponent.cpp" />
    <ClCompile Include="HpBar.cpp" />
    <ClCompile Include="Main.cpp" />
    <ClCompile Include="Map.cpp" />
    <ClCompile Include="Move.cpp" />
    <ClCompile Include="Player.cpp" />
    <ClCompile Include="PlayerJump.cpp" />
    <ClCompile Include="Skill1.cpp" />
    <ClCompile Include="SpiderLeg.cpp" />
    <ClCompile Include="SpiderLegMirror.cpp" />
    <ClCompile Include="Stand.cpp" />
    <ClCompile Include="Will.cpp" />
    <ClCompile Include="Snail.cpp" />
    <ClCompile Include="Phase2.cpp" />
    <ClCompile Include="Phase3.cpp" />
  </ItemGroup>
  <ItemGroup>
    <ClInclude Include="Animation.h" />
    <ClInclude Include="AnimImagesRef.h" />
    <ClInclude Include="Attack.h" />
    <ClInclude Include="Attack1.h" />
    <ClInclude Include="Attack2.h" />
    <ClInclude Include="Attack3.h" />
    <ClInclude Include="Attack4.h" />
    <ClInclude Include="Attack5.h" />
    <ClInclude Include="Attack6.h" />
    <ClInclude Include="Attack7.h" />
    <ClInclude Include="Ball.h" />
    <ClInclude Include="BeholderBody.h" />
    <ClInclude Include="BeholderBullet.h" />
    <ClInclude Include="Collider.h" />
    <ClInclude Include="Component.h" />
    <ClInclude Include="CompoObject.h" />
    <ClInclude Include="DarkEnforcer.h" />
    <ClInclude Include="Die1.h" />
    <ClInclude Include="Effect.h" />
    <ClInclude Include="Hit1.h" />
    <ClInclude Include="HitComponent.h" />
    <ClInclude Include="HpBar.h" />
    <ClInclude Include="Main.h" />
    <ClInclude Include="Map.h" />
    <ClInclude Include="Move.h" />
    <ClInclude Include="Player.h" />
    <ClInclude Include="PlayerJump.h" />
    <ClInclude Include="Skill1.h" />
    <ClInclude Include="SpiderLeg.h" />
    <ClInclude Include="SpiderLegMirror.h" />
    <ClInclude Include="Stand.h" />
    <ClInclude Include="stdafx.h" />
    <ClInclude Include="Will.h" />
    <ClInclude Include="Snail.h" />
    <ClInclude Include="Phase2.h" />
    <ClInclude Include="Phase3.h" />
  </ItemGroup>
</Project>